
Microsoft Visual Studio Solution File, Format Version 12.00
# Visual Studio Version 16
VisualStudioVersion = 16.0.31829.152
MinimumVisualStudioVersion = 10.0.40219.1
Project("{FAE04EC0-301F-11D3-BF4B-00C04F79EFBC}") = "api-with-dotnetcore5", "api-with-dotnetcore5\api-with-dotnetcore5.csproj", "{1CD072DB-234C-423E-B6ED-E80E6D00589C}"
EndProject
Global
	GlobalSection(SolutionConfigurationPlatforms) = preSolution
		Debug|Any CPU = Debug|Any CPU
		Release|Any CPU = Release|Any CPU
	EndGlobalSection
	GlobalSection(ProjectConfigurationPlatforms) = postSolution
		{1CD072DB-234C-423E-B6ED-E80E6D00589C}.Debug|Any CPU.ActiveCfg = Debug|Any CPU
		{1CD072DB-234C-423E-B6ED-E80E6D00589C}.Debug|Any CPU.Build.0 = Debug|Any CPU
		{1CD072DB-234C-423E-B6ED-E80E6D00589C}.Release|Any CPU.ActiveCfg = Release|Any CPU
		{1CD072DB-234C-423E-B6ED-E80E6D00589C}.Release|Any CPU.Build.0 = Release|Any CPU
	EndGlobalSection
	GlobalSection(SolutionProperties) = preSolution
		HideSolutionNode = FALSE
	EndGlobalSection
	GlobalSection(ExtensibilityGlobals) = postSolution
		SolutionGuid = {1ED80E73-5524-4CDB-846C-51338D154451}
	EndGlobalSection
EndGlobal
